// !$*UTF8*$!
{
	archiveVersion = 1;
	classes = {
	};
	objectVersion = 50;
	objects = {

/* Begin PBXBuildFile section */
		18C57AB226A75C9000DB4D4A /* IGCloneApp.swift in Sources */ = {isa = PBXBuildFile; fileRef = 18C57AB126A75C9000DB4D4A /* IGCloneApp.swift */; };
		18C57AB426A75C9000DB4D4A /* ContentView.swift in Sources */ = {isa = PBXBuildFile; fileRef = 18C57AB326A75C9000DB4D4A /* ContentView.swift */; };
		18C57AB626A75C9100DB4D4A /* Assets.xcassets in Resources */ = {isa = PBXBuildFile; fileRef = 18C57AB526A75C9100DB4D4A /* Assets.xcassets */; };
		18C57AB926A75C9100DB4D4A /* Preview Assets.xcassets in Resources */ = {isa = PBXBuildFile; fileRef = 18C57AB826A75C9100DB4D4A /* Preview Assets.xcassets */; };
		18C57AC326A7712C00DB4D4A /* StoryListView.swift in Sources */ = {isa = PBXBuildFile; fileRef = 18C57AC226A7712C00DB4D4A /* StoryListView.swift */; };
		18C57AC526A772BB00DB4D4A /* HeaderView.swift in Sources */ = {isa = PBXBuildFile; fileRef = 18C57AC426A772BB00DB4D4A /* HeaderView.swift */; };
		18C57AC726A7744C00DB4D4A /* PostView.swift in Sources */ = {isa = PBXBuildFile; fileRef = 18C57AC626A7744C00DB4D4A /* PostView.swift */; };
/* End PBXBuildFile section */

/* Begin PBXFileReference section */
		18C57AAE26A75C9000DB4D4A /* IGClone.app */ = {isa = PBXFileReference; explicitFileType = wrapper.application; includeInIndex = 0; path = IGClone.app; sourceTree = BUILT_PRODUCTS_DIR; };
		18C57AB126A75C9000DB4D4A /* IGCloneApp.swift */ = {isa = PBXFileReference; lastKnownFileType = sourcecode.swift; path = IGCloneApp.swift; sourceTree = "<group>"; };
		18C57AB326A75C9000DB4D4A /* ContentView.swift */ = {isa = PBXFileReference; lastKnownFileType = sourcecode.swift; path = ContentView.swift; sourceTree = "<group>"; };
		18C57AB526A75C9100DB4D4A /* Assets.xcassets */ = {isa = PBXFileReference; lastKnownFileType = folder.assetcatalog; path = Assets.xcassets; sourceTree = "<group>"; };
		18C57AB826A75C9100DB4D4A /* Preview Assets.xcassets */ = {isa = PBXFileReference; lastKnownFileType = folder.assetcatalog; path = "Preview Assets.xcassets"; sourceTree = "<group>"; };
		18C57ABA26A75C9100DB4D4A /* Info.plist */ = {isa = PBXFileReference; lastKnownFileType = text.plist.xml; path = Info.plist; sourceTree = "<group>"; };
		18C57AC226A7712C00DB4D4A /* StoryListView.swift */ = {isa = PBXFileReference; lastKnownFileType = sourcecode.swift; path = StoryListView.swift; sourceTree = "<group>"; };
		18C57AC426A772BB00DB4D4A /* HeaderView.swift */ = {isa = PBXFileReference; lastKnownFileType = sourcecode.swift; path = HeaderView.swift; sourceTree = "<group>"; };
		18C57AC626A7744C00DB4D4A /* PostView.swift */ = {isa = PBXFileReference; lastKnownFileType = sourcecode.swift; path = PostView.swift; sourceTree = "<group>"; };
/* End PBXFileReference section */

/* Begin PBXFrameworksBuildPhase section */
		18C57AAB26A75C9000DB4D4A /* Frameworks */ = {
			isa = PBXFrameworksBuildPhase;
			buildActionMask = 2147483647;
			files = (
			);
			runOnlyForDeploymentPostprocessing = 0;
		};
/* End PBXFrameworksBuildPhase section */

/* Begin PBXGroup section */
		18C57AA526A75C9000DB4D4A = {
			isa = PBXGroup;
			children = (
				18C57AB026A75C9000DB4D4A /* IGClone */,
				18C57AAF26A75C9000DB4D4A /* Products */,
			);
			sourceTree = "<group>";
		};
		18C57AAF26A75C9000DB4D4A /* Products */ = {
			isa = PBXGroup;
			children = (
				18C57AAE26A75C9000DB4D4A /* IGClone.app */,
			);
			name = Products;
			sourceTree = "<group>";
		};
		18C57AB026A75C9000DB4D4A /* IGClone */ = {
			isa = PBXGroup;
			children = (
				18C57AB126A75C9000DB4D4A /* IGCloneApp.swift */,
				18C57AB326A75C9000DB4D4A /* ContentView.swift */,
				18C57AB526A75C9100DB4D4A /* Assets.xcassets */,
				18C57ABA26A75C9100DB4D4A /* Info.plist */,
				18C57AB726A75C9100DB4D4A /* Preview Content */,
				18C57AC226A7712C00DB4D4A /* StoryListView.swift */,
				18C57AC426A772BB00DB4D4A /* HeaderView.swift */,
				18C57AC626A7744C00DB4D4A /* PostView.swift */,
			);
			path = IGClone;
			sourceTree = "<group>";
		};
		18C57AB726A75C9100DB4D4A /* Preview Content */ = {
			isa = PBXGroup;
			children = (
				18C57AB826A75C9100DB4D4A /* Preview Assets.xcassets */,
			);
			path = "Preview Content";
			sourceTree = "<group>";
		};
/* End PBXGroup section */

/* Begin PBXNativeTarget section */
		18C57AAD26A75C9000DB4D4A /* IGClone */ = {
			isa = PBXNativeTarget;
			buildConfigurationList = 18C57ABD26A75C9100DB4D4A /* Build configuration list for PBXNativeTarget "IGClone" */;
			buildPhases = (
				18C57AAA26A75C9000DB4D4A /* Sources */,
				18C57AAB26A75C9000DB4D4A /* Frameworks */,
				18C57AAC26A75C9000DB4D4A /* Resources */,
			);
			buildRules = (
			);
			dependencies = (
			);
			name = IGClone;
			productName = IGClone;
			productReference = 18C57AAE26A75C9000DB4D4A /* IGClone.app */;
			productType = "com.apple.product-type.application";
		};
/* End PBXNativeTarget section */

/* Begin PBXProject section */
		18C57AA626A75C9000DB4D4A /* Project object */ = {
			isa = PBXProject;
			attributes = {
				LastSwiftUpdateCheck = 1250;
				LastUpgradeCheck = 1250;
				TargetAttributes = {
					18C57AAD26A75C9000DB4D4A = {
						CreatedOnToolsVersion = 12.5.1;
					};
				};
			};
			buildConfigurationList = 18C57AA926A75C9000DB4D4A /* Build configuration list for PBXProject "IGClone" */;
			compatibilityVersion = "Xcode 9.3";
			developmentRegion = en;
			hasScannedForEncodings = 0;
			knownRegions = (
				en,
				Base,
			);
			mainGroup = 18C57AA526A75C9000DB4D4A;
			productRefGroup = 18C57AAF26A75C9000DB4D4A /* Products */;
			projectDirPath = "";
			projectRoot = "";
			targets = (
				18C57AAD26A75C9000DB4D4A /* IGClone */,
			);
		};
/* End PBXProject section */

/* Begin PBXResourcesBuildPhase section */
		18C57AAC26A75C9000DB4D4A /* Resources */ = {
			isa = PBXResourcesBuildPhase;
			buildActionMask = 2147483647;
			files = (
				18C57AB926A75C9100DB4D4A /* Preview Assets.xcassets in Resources */,
				18C57AB626A75C9100DB4D4A /* Assets.xcassets in Resources */,
			);
			runOnlyForDeploymentPostprocessing = 0;
		};
/* End PBXResourcesBuildPhase section */

/* Begin PBXSourcesBuildPhase section */
		18C57AAA26A75C9000DB4D4A /* Sources */ = {
			isa = PBXSourcesBuildPhase;
			buildActionMask = 2147483647;
			files = (
				18C57AB426A75C9000DB4D4A /* ContentView.swift in Sources */,
				18C57AB226A75C9000DB4D4A /* IGCloneApp.swift in Sources */,
				18C57AC326A7712C00DB4D4A /* StoryListView.swift in Sources */,
				18C57AC726A7744C00DB4D4A /* PostView.swift in Sources */,
				18C57AC526A772BB00DB4D4A /* HeaderView.swift in Sources */,
			);
			runOnlyForDeploymentPostprocessing = 0;
		};
/* End PBXSourcesBuildPhase section */

/* Begin XCBuildConfiguration section */
		18C57ABB26A75C9100DB4D4A /* Debug */ = {
			isa = XCBuildConfiguration;
			buildSettings = {
				ALWAYS_SEARCH_USER_PATHS = NO;
				CLANG_ANALYZER_NONNULL = YES;
				CLANG_ANALYZER_NUMBER_OBJECT_CONVERSION = YES_AGGRESSIVE;
				CLANG_CXX_LANGUAGE_STANDARD = "gnu++14";
				CLANG_CXX_LIBRARY = "libc++";
				CLANG_ENABLE_MODULES = YES;
				CLANG_ENABLE_OBJC_ARC = YES;
				CLANG_ENABLE_OBJC_WEAK = YES;
				CLANG_WARN_BLOCK_CAPTURE_AUTORELEASING = YES;
				CLANG_WARN_BOOL_CONVERSION = YES;
				CLANG_WARN_COMMA = YES;
				CLANG_WARN_CONSTANT_CONVERSION = YES;
				CLANG_WARN_DEPRECATED_OBJC_IMPLEMENTATIONS = YES;
				CLANG_WARN_DIRECT_OBJC_ISA_USAGE = YES_ERROR;
				CLANG_WARN_DOCUMENTATION_COMMENTS = YES;
				CLANG_WARN_EMPTY_BODY = YES;
				CLANG_WARN_ENUM_CONVERSION = YES;
				CLANG_WARN_INFINITE_RECURSION = YES;
				CLANG_WARN_INT_CONVERSION = YES;
				CLANG_WARN_NON_LITERAL_NULL_CONVERSION = YES;
				CLANG_WARN_OBJC_IMPLICIT_RETAIN_SELF = YES;
				CLANG_WARN_OBJC_LITERAL_CONVERSION = YES;
				CLANG_WARN_OBJC_ROOT_CLASS = YES_ERROR;
				CLANG_WARN_QUOTED_INCLUDE_IN_FRAMEWORK_HEADER = YES;
				CLANG_WARN_RANGE_LOOP_ANALYSIS = YES;
				CLANG_WARN_STRICT_PROTOTYPES = YES;
				CLANG_WARN_SUSPICIOUS_MOVE = YES;
				CLANG_WARN_UNGUARDED_AVAILABILITY = YES_AGGRESSIVE;
				CLANG_WARN_UNREACHABLE_CODE = YES;
				CLANG_WARN__DUPLICATE_METHOD_MATCH = YES;
				COPY_PHASE_STRIP = NO;
				DEBUG_INFORMATION_FORMAT = dwarf;
				ENABLE_STRICT_OBJC_MSGSEND = YES;
				ENABLE_TESTABILITY = YES;
				GCC_C_LANGUAGE_STANDARD = gnu11;
				GCC_DYNAMIC_NO_PIC = NO;
				GCC_NO_COMMON_BLOCKS = YES;
				GCC_OPTIMIZATION_LEVEL = 0;
				GCC_PREPROCESSOR_DEFINITIONS = (
					"DEBUG=1",
					"$(inherited)",
				);
				GCC_WARN_64_TO_32_BIT_CONVERSION = YES;
				GCC_WARN_ABOUT_RETURN_TYPE = YES_ERROR;
				GCC_WARN_UNDECLARED_SELECTOR = YES;
				GCC_WARN_UNINITIALIZED_AUTOS = YES_AGGRESSIVE;
				GCC_WARN_UNUSED_FUNCTION = YES;
				GCC_WARN_UNUSED_VARIABLE = YES;
				IPHONEOS_DEPLOYMENT_TARGET = 14.5;
				MTL_ENABLE_DEBUG_INFO = INCLUDE_SOURCE;
				MTL_FAST_MATH = YES;
				ONLY_ACTIVE_ARCH = YES;
				SDKROOT = iphoneos;
				SWIFT_ACTIVE_COMPILATION_CONDITIONS = DEBUG;
				SWIFT_OPTIMIZATION_LEVEL = "-Onone";
			};
			name = Debug;
		};
		18C57ABC26A75C9100DB4D4A /* Release */ = {
			isa = XCBuildConfiguration;
			buildSettings = {
				ALWAYS_SEARCH_USER_PATHS = NO;
				CLANG_ANALYZER_NONNULL = YES;
				CLANG_ANALYZER_NUMBER_OBJECT_CONVERSION = YES_AGGRESSIVE;
				CLANG_CXX_LANGUAGE_STANDARD = "gnu++14";
				CLANG_CXX_LIBRARY = "libc++";
				CLANG_ENABLE_MODULES = YES;
				CLANG_ENABLE_OBJC_ARC = YES;
				CLANG_ENABLE_OBJC_WEAK = YES;
				CLANG_WARN_BLOCK_CAPTURE_AUTORELEASING = YES;
				CLANG_WARN_BOOL_CONVERSION = YES;
				CLANG_WARN_COMMA = YES;
				CLANG_WARN_CONSTANT_CONVERSION = YES;
				CLANG_WARN_DEPRECATED_OBJC_IMPLEMENTATIONS = YES;
				CLANG_WARN_DIRECT_OBJC_ISA_USAGE = YES_ERROR;
				CLANG_WARN_DOCUMENTATION_COMMENTS = YES;
				CLANG_WARN_EMPTY_BODY = YES;
				CLANG_WARN_ENUM_CONVERSION = YES;
				CLANG_WARN_INFINITE_RECURSION = YES;
				CLANG_WARN_INT_CONVERSION = YES;
				CLANG_WARN_NON_LITERAL_NULL_CONVERSION = YES;
				CLANG_WARN_OBJC_IMPLICIT_RETAIN_SELF = YES;
				CLANG_WARN_OBJC_LITERAL_CONVERSION = YES;
				CLANG_WARN_OBJC_ROOT_CLASS = YES_ERROR;
				CLANG_WARN_QUOTED_INCLUDE_IN_FRAMEWORK_HEADER = YES;
				CLANG_WARN_RANGE_LOOP_ANALYSIS = YES;
				CLANG_WARN_STRICT_PROTOTYPES = YES;
				CLANG_WARN_SUSPICIOUS_MOVE = YES;
				CLANG_WARN_UNGUARDED_AVAILABILITY = YES_AGGRESSIVE;
				CLANG_WARN_UNREACHABLE_CODE = YES;
				CLANG_WARN__DUPLICATE_METHOD_MATCH = YES;
				COPY_PHASE_STRIP = NO;
				DEBUG_INFORMATION_FORMAT = "dwarf-with-dsym";
				ENABLE_NS_ASSERTIONS = NO;
				ENABLE_STRICT_OBJC_MSGSEND = YES;
				GCC_C_LANGUAGE_STANDARD = gnu11;
				GCC_NO_COMMON_BLOCKS = YES;
				GCC_WARN_64_TO_32_BIT_CONVERSION = YES;
				GCC_WARN_ABOUT_RETURN_TYPE = YES_ERROR;
				GCC_WARN_UNDECLARED_SELECTOR = YES;
				GCC_WARN_UNINITIALIZED_AUTOS = YES_AGGRESSIVE;
				GCC_WARN_UNUSED_FUNCTION = YES;
				GCC_WARN_UNUSED_VARIABLE = YES;
				IPHONEOS_DEPLOYMENT_TARGET = 14.5;
				MTL_ENABLE_DEBUG_INFO = NO;
				MTL_FAST_MATH = YES;
				SDKROOT = iphoneos;
				SWIFT_COMPILATION_MODE = wholemodule;
				SWIFT_OPTIMIZATION_LEVEL = "-O";
				VALIDATE_PRODUCT = YES;
			};
			name = Release;
		};
		18C57ABE26A75C9100DB4D4A /* Debug */ = {
			isa = XCBuildConfiguration;
			buildSettings = {
				ASSETCATALOG_COMPILER_APPICON_NAME = AppIcon;
				ASSETCATALOG_COMPILER_GLOBAL_ACCENT_COLOR_NAME = AccentColor;
				CODE_SIGN_STYLE = Automatic;
				DEVELOPMENT_ASSET_PATHS = "\"IGClone/Preview Content\"";
				DEVELOPMENT_TEAM = FK975SQU7J;
				ENABLE_PREVIEWS = YES;
				INFOPLIST_FILE = IGClone/Info.plist;
				IPHONEOS_DEPLOYMENT_TARGET = 14.0;
				LD_RUNPATH_SEARCH_PATHS = (
					"$(inherited)",
					"@executable_path/Frameworks",
				);
				PRODUCT_BUNDLE_IDENTIFIER = com.theiosdude.IGClone;
				PRODUCT_NAME = "$(TARGET_NAME)";
				SWIFT_VERSION = 5.0;
				TARGETED_DEVICE_FAMILY = "1,2";
			};
			name = Debug;
		};
		18C57ABF26A75C9100DB4D4A /* Release */ = {
			isa = XCBuildConfiguration;
			buildSettings = {
				ASSETCATALOG_COMPILER_APPICON_NAME = AppIcon;
				ASSETCATALOG_COMPILER_GLOBAL_ACCENT_COLOR_NAME = AccentColor;
				CODE_SIGN_STYLE = Automatic;
				DEVELOPMENT_ASSET_PATHS = "\"IGClone/Preview Content\"";
				DEVELOPMENT_TEAM = FK975SQU7J;
				ENABLE_PREVIEWS = YES;
				INFOPLIST_FILE = IGClone/Info.plist;
				IPHONEOS_DEPLOYMENT_TARGET = 14.0;
				LD_RUNPATH_SEARCH_PATHS = (
					"$(inherited)",
					"@executable_path/Frameworks",
				);
				PRODUCT_BUNDLE_IDENTIFIER = com.theiosdude.IGClone;
				PRODUCT_NAME = "$(TARGET_NAME)";
				SWIFT_VERSION = 5.0;
				TARGETED_DEVICE_FAMILY = "1,2";
			};
			name = Release;
		};
/* End XCBuildConfiguration section */

/* Begin XCConfigurationList section */
		18C57AA926A75C9000DB4D4A /* Build configuration list for PBXProject "IGClone" */ = {
			isa = XCConfigurationList;
			buildConfigurations = (
				18C57ABB26A75C9100DB4D4A /* Debug */,
				18C57ABC26A75C9100DB4D4A /* Release */,
			);
			defaultConfigurationIsVisible = 0;
			defaultConfigurationName = Release;
		};
		18C57ABD26A75C9100DB4D4A /* Build configuration list for PBXNativeTarget "IGClone" */ = {
			isa = XCConfigurationList;
			buildConfigurations = (
				18C57ABE26A75C9100DB4D4A /* Debug */,
				18C57ABF26A75C9100DB4D4A /* Release */,
			);
			defaultConfigurationIsVisible = 0;
			defaultConfigurationName = Release;
		};
/* End XCConfigurationList section */
	};
	rootObject = 18C57AA626A75C9000DB4D4A /* Project object */;
}
